
Microsoft Visual Studio Solution File, Format Version 12.00
# Visual Studio Version 16
VisualStudioVersion = 16.0.30503.244
MinimumVisualStudioVersion = 10.0.40219.1
Project("{9A19103F-16F7-4668-BE54-9A1E7A4F7556}") = "WindowsFormsApp2", "WindowsFormsApp2\WindowsFormsApp2.csproj", "{C17D96ED-E900-4DE7-B671-DE9DCA769441}"
EndProject
Global
	GlobalSection(SolutionConfigurationPlatforms) = preSolution
		Debug|Any CPU = Debug|Any CPU
		Release|Any CPU = Release|Any CPU
	EndGlobalSection
	GlobalSection(ProjectConfigurationPlatforms) = postSolution
		{C17D96ED-E900-4DE7-B671-DE9DCA769441}.Debug|Any CPU.ActiveCfg = Debug|Any CPU
		{C17D96ED-E900-4DE7-B671-DE9DCA769441}.Debug|Any CPU.Build.0 = Debug|Any CPU
		{C17D96ED-E900-4DE7-B671-DE9DCA769441}.Release|Any CPU.ActiveCfg = Release|Any CPU
		{C17D96ED-E900-4DE7-B671-DE9DCA769441}.Release|Any CPU.Build.0 = Release|Any CPU
	EndGlobalSection
	GlobalSection(SolutionProperties) = preSolution
		HideSolutionNode = FALSE
	EndGlobalSection
	GlobalSection(ExtensibilityGlobals) = postSolution
		SolutionGuid = {BFC484BF-B7A5-4289-9CAD-D7B9D8EB67CD}
	EndGlobalSection
EndGlobal
